// !$*UTF8*$!
{
	archiveVersion = 1;
	classes = {
	};
	objectVersion = 50;
	objects = {

/* Begin PBXBuildFile section */
		671884F621D7BE4E00C741E7 /* main.swift in Sources */ = {isa = PBXBuildFile; fileRef = 671884F521D7BE4E00C741E7 /* main.swift */; };
		671884FD21D7C3F900C741E7 /* Node.swift in Sources */ = {isa = PBXBuildFile; fileRef = 671884FC21D7C3F900C741E7 /* Node.swift */; };
		671884FF21D8747500C741E7 /* Document.swift in Sources */ = {isa = PBXBuildFile; fileRef = 671884FE21D8747500C741E7 /* Document.swift */; };
		6718850121D874BE00C741E7 /* DOMException.swift in Sources */ = {isa = PBXBuildFile; fileRef = 6718850021D874BE00C741E7 /* DOMException.swift */; };
		6718850321D8781E00C741E7 /* Element.swift in Sources */ = {isa = PBXBuildFile; fileRef = 6718850221D8781E00C741E7 /* Element.swift */; };
		6718850521D87C3300C741E7 /* Attr.swift in Sources */ = {isa = PBXBuildFile; fileRef = 6718850421D87C3300C741E7 /* Attr.swift */; };
		6718850721D87D9E00C741E7 /* Text.swift in Sources */ = {isa = PBXBuildFile; fileRef = 6718850621D87D9E00C741E7 /* Text.swift */; };
		6718850921D8812600C741E7 /* NodeImpl.swift in Sources */ = {isa = PBXBuildFile; fileRef = 6718850821D8812600C741E7 /* NodeImpl.swift */; };
		6718850B21D956CF00C741E7 /* DocumentImpl.swift in Sources */ = {isa = PBXBuildFile; fileRef = 6718850A21D956CF00C741E7 /* DocumentImpl.swift */; };
		6718850D21D99CD900C741E7 /* ElementImpl.swift in Sources */ = {isa = PBXBuildFile; fileRef = 6718850C21D99CD900C741E7 /* ElementImpl.swift */; };
		6718850F21D9C3F600C741E7 /* AttrImpl.swift in Sources */ = {isa = PBXBuildFile; fileRef = 6718850E21D9C3F600C741E7 /* AttrImpl.swift */; };
		6718851121D9C77700C741E7 /* TextImpl.swift in Sources */ = {isa = PBXBuildFile; fileRef = 6718851021D9C77700C741E7 /* TextImpl.swift */; };
		6718851321DAE88D00C741E7 /* XMLSerializer.swift in Sources */ = {isa = PBXBuildFile; fileRef = 6718851221DAE88D00C741E7 /* XMLSerializer.swift */; };
		678D6A1321DBAE7D003626A5 /* XMLTokenizer.swift in Sources */ = {isa = PBXBuildFile; fileRef = 678D6A1221DBAE7D003626A5 /* XMLTokenizer.swift */; };
		678D6A1521DC089D003626A5 /* XMLValidator.swift in Sources */ = {isa = PBXBuildFile; fileRef = 678D6A1421DC089D003626A5 /* XMLValidator.swift */; };
/* End PBXBuildFile section */

/* Begin PBXCopyFilesBuildPhase section */
		671884F021D7BE4E00C741E7 /* CopyFiles */ = {
			isa = PBXCopyFilesBuildPhase;
			buildActionMask = 2147483647;
			dstPath = /usr/share/man/man1/;
			dstSubfolderSpec = 0;
			files = (
			);
			runOnlyForDeploymentPostprocessing = 1;
		};
/* End PBXCopyFilesBuildPhase section */

/* Begin PBXFileReference section */
		671884F221D7BE4E00C741E7 /* Patterns */ = {isa = PBXFileReference; explicitFileType = "compiled.mach-o.executable"; includeInIndex = 0; path = Patterns; sourceTree = BUILT_PRODUCTS_DIR; };
		671884F521D7BE4E00C741E7 /* main.swift */ = {isa = PBXFileReference; lastKnownFileType = sourcecode.swift; path = main.swift; sourceTree = "<group>"; };
		671884FC21D7C3F900C741E7 /* Node.swift */ = {isa = PBXFileReference; lastKnownFileType = sourcecode.swift; path = Node.swift; sourceTree = "<group>"; };
		671884FE21D8747500C741E7 /* Document.swift */ = {isa = PBXFileReference; lastKnownFileType = sourcecode.swift; path = Document.swift; sourceTree = "<group>"; };
		6718850021D874BE00C741E7 /* DOMException.swift */ = {isa = PBXFileReference; lastKnownFileType = sourcecode.swift; path = DOMException.swift; sourceTree = "<group>"; };
		6718850221D8781E00C741E7 /* Element.swift */ = {isa = PBXFileReference; lastKnownFileType = sourcecode.swift; path = Element.swift; sourceTree = "<group>"; };
		6718850421D87C3300C741E7 /* Attr.swift */ = {isa = PBXFileReference; lastKnownFileType = sourcecode.swift; path = Attr.swift; sourceTree = "<group>"; };
		6718850621D87D9E00C741E7 /* Text.swift */ = {isa = PBXFileReference; lastKnownFileType = sourcecode.swift; path = Text.swift; sourceTree = "<group>"; };
		6718850821D8812600C741E7 /* NodeImpl.swift */ = {isa = PBXFileReference; lastKnownFileType = sourcecode.swift; path = NodeImpl.swift; sourceTree = "<group>"; };
		6718850A21D956CF00C741E7 /* DocumentImpl.swift */ = {isa = PBXFileReference; lastKnownFileType = sourcecode.swift; path = DocumentImpl.swift; sourceTree = "<group>"; };
		6718850C21D99CD900C741E7 /* ElementImpl.swift */ = {isa = PBXFileReference; lastKnownFileType = sourcecode.swift; path = ElementImpl.swift; sourceTree = "<group>"; };
		6718850E21D9C3F600C741E7 /* AttrImpl.swift */ = {isa = PBXFileReference; lastKnownFileType = sourcecode.swift; path = AttrImpl.swift; sourceTree = "<group>"; };
		6718851021D9C77700C741E7 /* TextImpl.swift */ = {isa = PBXFileReference; lastKnownFileType = sourcecode.swift; path = TextImpl.swift; sourceTree = "<group>"; };
		6718851221DAE88D00C741E7 /* XMLSerializer.swift */ = {isa = PBXFileReference; lastKnownFileType = sourcecode.swift; path = XMLSerializer.swift; sourceTree = "<group>"; };
		678D6A1221DBAE7D003626A5 /* XMLTokenizer.swift */ = {isa = PBXFileReference; lastKnownFileType = sourcecode.swift; path = XMLTokenizer.swift; sourceTree = "<group>"; };
		678D6A1421DC089D003626A5 /* XMLValidator.swift */ = {isa = PBXFileReference; lastKnownFileType = sourcecode.swift; path = XMLValidator.swift; sourceTree = "<group>"; };
/* End PBXFileReference section */

/* Begin PBXFrameworksBuildPhase section */
		671884EF21D7BE4E00C741E7 /* Frameworks */ = {
			isa = PBXFrameworksBuildPhase;
			buildActionMask = 2147483647;
			files = (
			);
			runOnlyForDeploymentPostprocessing = 0;
		};
/* End PBXFrameworksBuildPhase section */

/* Begin PBXGroup section */
		671884E921D7BE4E00C741E7 = {
			isa = PBXGroup;
			children = (
				671884F421D7BE4E00C741E7 /* Patterns */,
				671884F321D7BE4E00C741E7 /* Products */,
			);
			sourceTree = "<group>";
		};
		671884F321D7BE4E00C741E7 /* Products */ = {
			isa = PBXGroup;
			children = (
				671884F221D7BE4E00C741E7 /* Patterns */,
			);
			name = Products;
			sourceTree = "<group>";
		};
		671884F421D7BE4E00C741E7 /* Patterns */ = {
			isa = PBXGroup;
			children = (
				671884F521D7BE4E00C741E7 /* main.swift */,
				671884FC21D7C3F900C741E7 /* Node.swift */,
				671884FE21D8747500C741E7 /* Document.swift */,
				6718850021D874BE00C741E7 /* DOMException.swift */,
				6718850221D8781E00C741E7 /* Element.swift */,
				6718850421D87C3300C741E7 /* Attr.swift */,
				6718850621D87D9E00C741E7 /* Text.swift */,
				6718850821D8812600C741E7 /* NodeImpl.swift */,
				6718850A21D956CF00C741E7 /* DocumentImpl.swift */,
				6718850C21D99CD900C741E7 /* ElementImpl.swift */,
				6718850E21D9C3F600C741E7 /* AttrImpl.swift */,
				6718851021D9C77700C741E7 /* TextImpl.swift */,
				6718851221DAE88D00C741E7 /* XMLSerializer.swift */,
				678D6A1221DBAE7D003626A5 /* XMLTokenizer.swift */,
				678D6A1421DC089D003626A5 /* XMLValidator.swift */,
			);
			path = Patterns;
			sourceTree = "<group>";
		};
/* End PBXGroup section */

/* Begin PBXNativeTarget section */
		671884F121D7BE4E00C741E7 /* Patterns */ = {
			isa = PBXNativeTarget;
			buildConfigurationList = 671884F921D7BE4E00C741E7 /* Build configuration list for PBXNativeTarget "Patterns" */;
			buildPhases = (
				671884EE21D7BE4E00C741E7 /* Sources */,
				671884EF21D7BE4E00C741E7 /* Frameworks */,
				671884F021D7BE4E00C741E7 /* CopyFiles */,
				678D6A1A21DC1CB7003626A5 /* ShellScript */,
			);
			buildRules = (
			);
			dependencies = (
			);
			name = Patterns;
			productName = Patterns;
			productReference = 671884F221D7BE4E00C741E7 /* Patterns */;
			productType = "com.apple.product-type.tool";
		};
/* End PBXNativeTarget section */

/* Begin PBXProject section */
		671884EA21D7BE4E00C741E7 /* Project object */ = {
			isa = PBXProject;
			attributes = {
				LastSwiftUpdateCheck = 1010;
				LastUpgradeCheck = 1010;
				ORGANIZATIONNAME = "Jon Lindberg";
				TargetAttributes = {
					671884F121D7BE4E00C741E7 = {
						CreatedOnToolsVersion = 10.1;
						LastSwiftMigration = 1020;
					};
				};
			};
			buildConfigurationList = 671884ED21D7BE4E00C741E7 /* Build configuration list for PBXProject "Patterns" */;
			compatibilityVersion = "Xcode 9.3";
			developmentRegion = en;
			hasScannedForEncodings = 0;
			knownRegions = (
				en,
			);
			mainGroup = 671884E921D7BE4E00C741E7;
			productRefGroup = 671884F321D7BE4E00C741E7 /* Products */;
			projectDirPath = "";
			projectRoot = "";
			targets = (
				671884F121D7BE4E00C741E7 /* Patterns */,
			);
		};
/* End PBXProject section */

/* Begin PBXShellScriptBuildPhase section */
		678D6A1A21DC1CB7003626A5 /* ShellScript */ = {
			isa = PBXShellScriptBuildPhase;
			buildActionMask = 2147483647;
			files = (
			);
			inputFileListPaths = (
			);
			inputPaths = (
			);
			outputFileListPaths = (
			);
			outputPaths = (
			);
			runOnlyForDeploymentPostprocessing = 0;
			shellPath = /bin/sh;
			shellScript = "# Type a script or drag a script file from your workspace to insert its path.\ncp ${BUILT_PRODUCTS_DIR}/Patterns ${INSTALL_PATH}\n";
		};
/* End PBXShellScriptBuildPhase section */

/* Begin PBXSourcesBuildPhase section */
		671884EE21D7BE4E00C741E7 /* Sources */ = {
			isa = PBXSourcesBuildPhase;
			buildActionMask = 2147483647;
			files = (
				6718851121D9C77700C741E7 /* TextImpl.swift in Sources */,
				6718850521D87C3300C741E7 /* Attr.swift in Sources */,
				6718850921D8812600C741E7 /* NodeImpl.swift in Sources */,
				678D6A1321DBAE7D003626A5 /* XMLTokenizer.swift in Sources */,
				6718850121D874BE00C741E7 /* DOMException.swift in Sources */,
				6718851321DAE88D00C741E7 /* XMLSerializer.swift in Sources */,
				671884F621D7BE4E00C741E7 /* main.swift in Sources */,
				6718850721D87D9E00C741E7 /* Text.swift in Sources */,
				6718850F21D9C3F600C741E7 /* AttrImpl.swift in Sources */,
				6718850B21D956CF00C741E7 /* DocumentImpl.swift in Sources */,
				671884FD21D7C3F900C741E7 /* Node.swift in Sources */,
				678D6A1521DC089D003626A5 /* XMLValidator.swift in Sources */,
				671884FF21D8747500C741E7 /* Document.swift in Sources */,
				6718850D21D99CD900C741E7 /* ElementImpl.swift in Sources */,
				6718850321D8781E00C741E7 /* Element.swift in Sources */,
			);
			runOnlyForDeploymentPostprocessing = 0;
		};
/* End PBXSourcesBuildPhase section */

/* Begin XCBuildConfiguration section */
		671884F721D7BE4E00C741E7 /* Debug */ = {
			isa = XCBuildConfiguration;
			buildSettings = {
				ALWAYS_SEARCH_USER_PATHS = NO;
				CLANG_ANALYZER_NONNULL = YES;
				CLANG_ANALYZER_NUMBER_OBJECT_CONVERSION = YES_AGGRESSIVE;
				CLANG_CXX_LANGUAGE_STANDARD = "gnu++14";
				CLANG_CXX_LIBRARY = "libc++";
				CLANG_ENABLE_MODULES = YES;
				CLANG_ENABLE_OBJC_ARC = YES;
				CLANG_ENABLE_OBJC_WEAK = YES;
				CLANG_WARN_BLOCK_CAPTURE_AUTORELEASING = YES;
				CLANG_WARN_BOOL_CONVERSION = YES;
				CLANG_WARN_COMMA = YES;
				CLANG_WARN_CONSTANT_CONVERSION = YES;
				CLANG_WARN_DEPRECATED_OBJC_IMPLEMENTATIONS = YES;
				CLANG_WARN_DIRECT_OBJC_ISA_USAGE = YES_ERROR;
				CLANG_WARN_DOCUMENTATION_COMMENTS = YES;
				CLANG_WARN_EMPTY_BODY = YES;
				CLANG_WARN_ENUM_CONVERSION = YES;
				CLANG_WARN_INFINITE_RECURSION = YES;
				CLANG_WARN_INT_CONVERSION = YES;
				CLANG_WARN_NON_LITERAL_NULL_CONVERSION = YES;
				CLANG_WARN_OBJC_IMPLICIT_RETAIN_SELF = YES;
				CLANG_WARN_OBJC_LITERAL_CONVERSION = YES;
				CLANG_WARN_OBJC_ROOT_CLASS = YES_ERROR;
				CLANG_WARN_RANGE_LOOP_ANALYSIS = YES;
				CLANG_WARN_STRICT_PROTOTYPES = YES;
				CLANG_WARN_SUSPICIOUS_MOVE = YES;
				CLANG_WARN_UNGUARDED_AVAILABILITY = YES_AGGRESSIVE;
				CLANG_WARN_UNREACHABLE_CODE = YES;
				CLANG_WARN__DUPLICATE_METHOD_MATCH = YES;
				CODE_SIGN_IDENTITY = "-";
				COPY_PHASE_STRIP = NO;
				DEBUG_INFORMATION_FORMAT = dwarf;
				ENABLE_STRICT_OBJC_MSGSEND = YES;
				ENABLE_TESTABILITY = YES;
				GCC_C_LANGUAGE_STANDARD = gnu11;
				GCC_DYNAMIC_NO_PIC = NO;
				GCC_NO_COMMON_BLOCKS = YES;
				GCC_OPTIMIZATION_LEVEL = 0;
				GCC_PREPROCESSOR_DEFINITIONS = (
					"DEBUG=1",
					"$(inherited)",
				);
				GCC_WARN_64_TO_32_BIT_CONVERSION = YES;
				GCC_WARN_ABOUT_RETURN_TYPE = YES_ERROR;
				GCC_WARN_UNDECLARED_SELECTOR = YES;
				GCC_WARN_UNINITIALIZED_AUTOS = YES_AGGRESSIVE;
				GCC_WARN_UNUSED_FUNCTION = YES;
				GCC_WARN_UNUSED_VARIABLE = YES;
				MACOSX_DEPLOYMENT_TARGET = 10.13;
				MTL_ENABLE_DEBUG_INFO = INCLUDE_SOURCE;
				MTL_FAST_MATH = YES;
				ONLY_ACTIVE_ARCH = YES;
				SDKROOT = macosx;
				SWIFT_ACTIVE_COMPILATION_CONDITIONS = DEBUG;
				SWIFT_OPTIMIZATION_LEVEL = "-Onone";
			};
			name = Debug;
		};
		671884F821D7BE4E00C741E7 /* Release */ = {
			isa = XCBuildConfiguration;
			buildSettings = {
				ALWAYS_SEARCH_USER_PATHS = NO;
				CLANG_ANALYZER_NONNULL = YES;
				CLANG_ANALYZER_NUMBER_OBJECT_CONVERSION = YES_AGGRESSIVE;
				CLANG_CXX_LANGUAGE_STANDARD = "gnu++14";
				CLANG_CXX_LIBRARY = "libc++";
				CLANG_ENABLE_MODULES = YES;
				CLANG_ENABLE_OBJC_ARC = YES;
				CLANG_ENABLE_OBJC_WEAK = YES;
				CLANG_WARN_BLOCK_CAPTURE_AUTORELEASING = YES;
				CLANG_WARN_BOOL_CONVERSION = YES;
				CLANG_WARN_COMMA = YES;
				CLANG_WARN_CONSTANT_CONVERSION = YES;
				CLANG_WARN_DEPRECATED_OBJC_IMPLEMENTATIONS = YES;
				CLANG_WARN_DIRECT_OBJC_ISA_USAGE = YES_ERROR;
				CLANG_WARN_DOCUMENTATION_COMMENTS = YES;
				CLANG_WARN_EMPTY_BODY = YES;
				CLANG_WARN_ENUM_CONVERSION = YES;
				CLANG_WARN_INFINITE_RECURSION = YES;
				CLANG_WARN_INT_CONVERSION = YES;
				CLANG_WARN_NON_LITERAL_NULL_CONVERSION = YES;
				CLANG_WARN_OBJC_IMPLICIT_RETAIN_SELF = YES;
				CLANG_WARN_OBJC_LITERAL_CONVERSION = YES;
				CLANG_WARN_OBJC_ROOT_CLASS = YES_ERROR;
				CLANG_WARN_RANGE_LOOP_ANALYSIS = YES;
				CLANG_WARN_STRICT_PROTOTYPES = YES;
				CLANG_WARN_SUSPICIOUS_MOVE = YES;
				CLANG_WARN_UNGUARDED_AVAILABILITY = YES_AGGRESSIVE;
				CLANG_WARN_UNREACHABLE_CODE = YES;
				CLANG_WARN__DUPLICATE_METHOD_MATCH = YES;
				CODE_SIGN_IDENTITY = "-";
				COPY_PHASE_STRIP = NO;
				DEBUG_INFORMATION_FORMAT = "dwarf-with-dsym";
				ENABLE_NS_ASSERTIONS = NO;
				ENABLE_STRICT_OBJC_MSGSEND = YES;
				GCC_C_LANGUAGE_STANDARD = gnu11;
				GCC_NO_COMMON_BLOCKS = YES;
				GCC_WARN_64_TO_32_BIT_CONVERSION = YES;
				GCC_WARN_ABOUT_RETURN_TYPE = YES_ERROR;
				GCC_WARN_UNDECLARED_SELECTOR = YES;
				GCC_WARN_UNINITIALIZED_AUTOS = YES_AGGRESSIVE;
				GCC_WARN_UNUSED_FUNCTION = YES;
				GCC_WARN_UNUSED_VARIABLE = YES;
				MACOSX_DEPLOYMENT_TARGET = 10.13;
				MTL_ENABLE_DEBUG_INFO = NO;
				MTL_FAST_MATH = YES;
				SDKROOT = macosx;
				SWIFT_COMPILATION_MODE = wholemodule;
				SWIFT_OPTIMIZATION_LEVEL = "-O";
			};
			name = Release;
		};
		671884FA21D7BE4E00C741E7 /* Debug */ = {
			isa = XCBuildConfiguration;
			buildSettings = {
				CODE_SIGN_STYLE = Automatic;
				PRODUCT_NAME = "$(TARGET_NAME)";
				SWIFT_VERSION = 5.0;
			};
			name = Debug;
		};
		671884FB21D7BE4E00C741E7 /* Release */ = {
			isa = XCBuildConfiguration;
			buildSettings = {
				CODE_SIGN_STYLE = Automatic;
				PRODUCT_NAME = "$(TARGET_NAME)";
				SWIFT_VERSION = 5.0;
			};
			name = Release;
		};
/* End XCBuildConfiguration section */

/* Begin XCConfigurationList section */
		671884ED21D7BE4E00C741E7 /* Build configuration list for PBXProject "Patterns" */ = {
			isa = XCConfigurationList;
			buildConfigurations = (
				671884F721D7BE4E00C741E7 /* Debug */,
				671884F821D7BE4E00C741E7 /* Release */,
			);
			defaultConfigurationIsVisible = 0;
			defaultConfigurationName = Release;
		};
		671884F921D7BE4E00C741E7 /* Build configuration list for PBXNativeTarget "Patterns" */ = {
			isa = XCConfigurationList;
			buildConfigurations = (
				671884FA21D7BE4E00C741E7 /* Debug */,
				671884FB21D7BE4E00C741E7 /* Release */,
			);
			defaultConfigurationIsVisible = 0;
			defaultConfigurationName = Release;
		};
/* End XCConfigurationList section */
	};
	rootObject = 671884EA21D7BE4E00C741E7 /* Project object */;
}
